<?xml version="1.0" encoding="utf-8"?>
<Project ToolsVersion="4.0" xmlns="http://schemas.microsoft.com/developer/msbuild/2003">
  <ItemGroup>
    <Filter Include="Source Files">
      <UniqueIdentifier>{4FC737F1-C7A5-4376-A066-2A32D752A2FF}</UniqueIdentifier>
      <Extensions>cpp;c;cc;cxx;c++;cppm;ixx;def;odl;idl;hpj;bat;asm;asmx</Extensions>
    </Filter>
    <Filter Include="Resource Files">
      <UniqueIdentifier>{67DA6AB6-F800-4c08-8B7A-83BB121AAD01}</UniqueIdentifier>
      <Extensions>rc;ico;cur;bmp;dlg;rc2;rct;bin;rgs;gif;jpg;jpeg;jpe;resx;tiff;tif;png;wav;mfcribbon-ms</Extensions>
    </Filter>
    <Filter Include="Header_Files">
      <UniqueIdentifier>{93995380-89BD-4b04-88EB-625FBE52EBFB}</UniqueIdentifier>
      <Extensions>h;hh;hpp;hxx;h++;hm;inl;inc;ipp;xsd</Extensions>
    </Filter>
    <Filter Include="Shaders">
      <UniqueIdentifier>{3aee1d63-809b-45b0-be02-654817c477b7}</UniqueIdentifier>
    </Filter>
  </ItemGroup>
  <ItemGroup>
    <ClCompile Include="WinMain.cpp">
      <Filter>Source Files</Filter>
    </ClCompile>
    <ClCompile Include="wnd.cpp">
      <Filter>Source Files</Filter>
    </ClCompile>
    <ClCompile Include="connection.cpp">
      <Filter>Source Files</Filter>
    </ClCompile>
    <ClCompile Include="event.cpp">
      <Filter>Source Files</Filter>
    </ClCompile>
    <ClCompile Include="keyboard.cpp">
      <Filter>Source Files</Filter>
    </ClCompile>
    <ClCompile Include="console.cpp">
      <Filter>Source Files</Filter>
    </ClCompile>
    <ClCompile Include="mouse.cpp">
      <Filter>Source Files</Filter>
    </ClCompile>
    <ClCompile Include="ant_exception.cpp">
      <Filter>Source Files</Filter>
    </ClCompile>
    <ClCompile Include="ant_timer.cpp">
      <Filter>Source Files</Filter>
    </ClCompile>
    <ClCompile Include="graphics.cpp">
      <Filter>Source Files</Filter>
    </ClCompile>
    <ClCompile Include="shapes.cpp">
      <Filter>Source Files</Filter>
    </ClCompile>
    <ClCompile Include="util.cpp">
      <Filter>Source Files</Filter>
    </ClCompile>
  </ItemGroup>
  <ItemGroup>
    <ClInclude Include="wnd.h">
      <Filter>Header_Files</Filter>
    </ClInclude>
    <ClInclude Include="keyboard.h">
      <Filter>Header_Files</Filter>
    </ClInclude>
    <ClInclude Include="event.h">
      <Filter>Header_Files</Filter>
    </ClInclude>
    <ClInclude Include="connection.h">
      <Filter>Header_Files</Filter>
    </ClInclude>
    <ClInclude Include="console.h">
      <Filter>Header_Files</Filter>
    </ClInclude>
    <ClInclude Include="mouse.h">
      <Filter>Header_Files</Filter>
    </ClInclude>
    <ClInclude Include="definitions.h">
      <Filter>Header_Files</Filter>
    </ClInclude>
    <ClInclude Include="ant_exception.h">
      <Filter>Header_Files</Filter>
    </ClInclude>
    <ClInclude Include="ant_timer.h">
      <Filter>Header_Files</Filter>
    </ClInclude>
    <ClInclude Include="graphics.h">
      <Filter>Header_Files</Filter>
    </ClInclude>
    <ClInclude Include="shapes.h">
      <Filter>Header_Files</Filter>
    </ClInclude>
    <ClInclude Include="util.h">
      <Filter>Header_Files</Filter>
    </ClInclude>
    <ClInclude Include="game_math.h">
      <Filter>Header_Files</Filter>
    </ClInclude>
  </ItemGroup>
  <ItemGroup>
    <FxCompile Include="VertexShader.hlsl">
      <Filter>Shaders</Filter>
    </FxCompile>
    <FxCompile Include="PixelShader.hlsl">
      <Filter>Shaders</Filter>
    </FxCompile>
  </ItemGroup>
</Project>